
Microsoft Visual Studio Solution File, Format Version 12.00
# Visual Studio Version 17
VisualStudioVersion = 17.14.36705.20 d17.14
MinimumVisualStudioVersion = 10.0.40219.1
Project("{FAE04EC0-301F-11D3-BF4B-00C04F79EFBC}") = "TreeNode", "TreeNode.csproj", "{88AD886A-90ED-4B6A-AD07-945641FBF0A7}"
EndProject
Global
	GlobalSection(SolutionConfigurationPlatforms) = preSolution
		Debug|Any CPU = Debug|Any CPU
		Release|Any CPU = Release|Any CPU
	EndGlobalSection
	GlobalSection(ProjectConfigurationPlatforms) = postSolution
		{88AD886A-90ED-4B6A-AD07-945641FBF0A7}.Debug|Any CPU.ActiveCfg = Debug|Any CPU
		{88AD886A-90ED-4B6A-AD07-945641FBF0A7}.Debug|Any CPU.Build.0 = Debug|Any CPU
		{88AD886A-90ED-4B6A-AD07-945641FBF0A7}.Release|Any CPU.ActiveCfg = Release|Any CPU
		{88AD886A-90ED-4B6A-AD07-945641FBF0A7}.Release|Any CPU.Build.0 = Release|Any CPU
	EndGlobalSection
	GlobalSection(SolutionProperties) = preSolution
		HideSolutionNode = FALSE
	EndGlobalSection
	GlobalSection(ExtensibilityGlobals) = postSolution
		SolutionGuid = {737428B2-ABDE-44F4-98FD-5CA964E70E26}
	EndGlobalSection
EndGlobal
